// !$*UTF8*$!
{
	archiveVersion = 1;
	classes = {
	};
	objectVersion = 46;
	objects = {

/* Begin PBXBuildFile section */
		1A2085A71C0BD16A00260889 /* AppDelegate.swift in Sources */ = {isa = PBXBuildFile; fileRef = 1A2085A61C0BD16A00260889 /* AppDelegate.swift */; };
		1A2085AC1C0BD16A00260889 /* Main.storyboard in Resources */ = {isa = PBXBuildFile; fileRef = 1A2085AA1C0BD16A00260889 /* Main.storyboard */; };
		1A2085AE1C0BD16A00260889 /* Assets.xcassets in Resources */ = {isa = PBXBuildFile; fileRef = 1A2085AD1C0BD16A00260889 /* Assets.xcassets */; };
		1A2085B11C0BD16A00260889 /* LaunchScreen.storyboard in Resources */ = {isa = PBXBuildFile; fileRef = 1A2085AF1C0BD16A00260889 /* LaunchScreen.storyboard */; };
		1A2085BC1C0BD16A00260889 /* TruckTrackerTests.swift in Sources */ = {isa = PBXBuildFile; fileRef = 1A2085BB1C0BD16A00260889 /* TruckTrackerTests.swift */; };
		1A2085C71C0BD16A00260889 /* TruckTrackerUITests.swift in Sources */ = {isa = PBXBuildFile; fileRef = 1A2085C61C0BD16A00260889 /* TruckTrackerUITests.swift */; };
		1A2085D51C0BD1DF00260889 /* TrucksTableViewController.swift in Sources */ = {isa = PBXBuildFile; fileRef = 1A2085D41C0BD1DF00260889 /* TrucksTableViewController.swift */; };
		1A2085D71C0BD63400260889 /* junk 046.jpg in Resources */ = {isa = PBXBuildFile; fileRef = 1A2085D61C0BD63400260889 /* junk 046.jpg */; };
		1A2085D91C0BD78A00260889 /* truck-256.png in Resources */ = {isa = PBXBuildFile; fileRef = 1A2085D81C0BD78A00260889 /* truck-256.png */; };
		1A2085DB1C0BD9F600260889 /* VehicleTableViewCell.swift in Sources */ = {isa = PBXBuildFile; fileRef = 1A2085DA1C0BD9F600260889 /* VehicleTableViewCell.swift */; };
		1A2085E31C0BE38600260889 /* Contact Card-25.png in Resources */ = {isa = PBXBuildFile; fileRef = 1A2085E21C0BE38600260889 /* Contact Card-25.png */; };
		1A2085E51C0C0DBF00260889 /* ContactsTableViewController.swift in Sources */ = {isa = PBXBuildFile; fileRef = 1A2085E41C0C0DBF00260889 /* ContactsTableViewController.swift */; };
		1A2085E71C0C199800260889 /* Contact.swift in Sources */ = {isa = PBXBuildFile; fileRef = 1A2085E61C0C199800260889 /* Contact.swift */; };
		1A6089181CA4A9A900727C51 /* Interface.storyboard in Resources */ = {isa = PBXBuildFile; fileRef = 1A6089161CA4A9A900727C51 /* Interface.storyboard */; };
		1A60891A1CA4A9A900727C51 /* Assets.xcassets in Resources */ = {isa = PBXBuildFile; fileRef = 1A6089191CA4A9A900727C51 /* Assets.xcassets */; };
		1A6089211CA4A9A900727C51 /* TruckerTracker WatchKit App Extension.appex in Embed App Extensions */ = {isa = PBXBuildFile; fileRef = 1A6089201CA4A9A900727C51 /* TruckerTracker WatchKit App Extension.appex */; settings = {ATTRIBUTES = (RemoveHeadersOnCopy, ); }; };
		1A6089261CA4A9A900727C51 /* InterfaceController.swift in Sources */ = {isa = PBXBuildFile; fileRef = 1A6089251CA4A9A900727C51 /* InterfaceController.swift */; };
		1A6089281CA4A9A900727C51 /* ExtensionDelegate.swift in Sources */ = {isa = PBXBuildFile; fileRef = 1A6089271CA4A9A900727C51 /* ExtensionDelegate.swift */; };
		1A60892A1CA4A9A900727C51 /* Assets.xcassets in Resources */ = {isa = PBXBuildFile; fileRef = 1A6089291CA4A9A900727C51 /* Assets.xcassets */; };
		1A60892E1CA4A9AA00727C51 /* TruckerTracker WatchKit App.app in Embed Watch Content */ = {isa = PBXBuildFile; fileRef = 1A6089141CA4A9A900727C51 /* TruckerTracker WatchKit App.app */; };
		1A6089381CA7A41500727C51 /* PartTableViewCell.swift in Sources */ = {isa = PBXBuildFile; fileRef = 1A6089371CA7A41500727C51 /* PartTableViewCell.swift */; };
		1A60893A1CA82DC800727C51 /* NewPartViewController.swift in Sources */ = {isa = PBXBuildFile; fileRef = 1A6089391CA82DC800727C51 /* NewPartViewController.swift */; };
		1A60893C1CA8398200727C51 /* VendorTableViewCell.swift in Sources */ = {isa = PBXBuildFile; fileRef = 1A60893B1CA8398200727C51 /* VendorTableViewCell.swift */; };
		1A60893E1CA83C0C00727C51 /* VendorsTableViewController.swift in Sources */ = {isa = PBXBuildFile; fileRef = 1A60893D1CA83C0C00727C51 /* VendorsTableViewController.swift */; };
		1A6089401CA83D0F00727C51 /* Vendor.swift in Sources */ = {isa = PBXBuildFile; fileRef = 1A60893F1CA83D0F00727C51 /* Vendor.swift */; };
		1A6089421CA8439400727C51 /* Part.swift in Sources */ = {isa = PBXBuildFile; fileRef = 1A6089411CA8439400727C51 /* Part.swift */; };
		1A6089461CA845B400727C51 /* PartsTableViewController.swift in Sources */ = {isa = PBXBuildFile; fileRef = 1A6089451CA845B400727C51 /* PartsTableViewController.swift */; };
		1AB74C321C97A0890023EB99 /* Vehicle.swift in Sources */ = {isa = PBXBuildFile; fileRef = 1AB74C311C97A0890023EB99 /* Vehicle.swift */; };
		1AB74C341C97AA550023EB99 /* mack04.jpg in Resources */ = {isa = PBXBuildFile; fileRef = 1AB74C331C97AA550023EB99 /* mack04.jpg */; };
/* End PBXBuildFile section */

/* Begin PBXContainerItemProxy section */
		1A2085B81C0BD16A00260889 /* PBXContainerItemProxy */ = {
			isa = PBXContainerItemProxy;
			containerPortal = 1A20859B1C0BD16A00260889 /* Project object */;
			proxyType = 1;
			remoteGlobalIDString = 1A2085A21C0BD16A00260889;
			remoteInfo = TruckTracker;
		};
		1A2085C31C0BD16A00260889 /* PBXContainerItemProxy */ = {
			isa = PBXContainerItemProxy;
			containerPortal = 1A20859B1C0BD16A00260889 /* Project object */;
			proxyType = 1;
			remoteGlobalIDString = 1A2085A21C0BD16A00260889;
			remoteInfo = TruckTracker;
		};
		1A6089221CA4A9A900727C51 /* PBXContainerItemProxy */ = {
			isa = PBXContainerItemProxy;
			containerPortal = 1A20859B1C0BD16A00260889 /* Project object */;
			proxyType = 1;
			remoteGlobalIDString = 1A60891F1CA4A9A900727C51;
			remoteInfo = "TruckerTracker WatchKit App Extension";
		};
		1A60892C1CA4A9AA00727C51 /* PBXContainerItemProxy */ = {
			isa = PBXContainerItemProxy;
			containerPortal = 1A20859B1C0BD16A00260889 /* Project object */;
			proxyType = 1;
			remoteGlobalIDString = 1A6089131CA4A9A900727C51;
			remoteInfo = "TruckerTracker WatchKit App";
		};
/* End PBXContainerItemProxy section */

/* Begin PBXCopyFilesBuildPhase section */
		1A6089341CA4A9AA00727C51 /* Embed App Extensions */ = {
			isa = PBXCopyFilesBuildPhase;
			buildActionMask = 2147483647;
			dstPath = "";
			dstSubfolderSpec = 13;
			files = (
				1A6089211CA4A9A900727C51 /* TruckerTracker WatchKit App Extension.appex in Embed App Extensions */,
			);
			name = "Embed App Extensions";
			runOnlyForDeploymentPostprocessing = 0;
		};
		1A6089361CA4A9AA00727C51 /* Embed Watch Content */ = {
			isa = PBXCopyFilesBuildPhase;
			buildActionMask = 2147483647;
			dstPath = "$(CONTENTS_FOLDER_PATH)/Watch";
			dstSubfolderSpec = 16;
			files = (
				1A60892E1CA4A9AA00727C51 /* TruckerTracker WatchKit App.app in Embed Watch Content */,
			);
			name = "Embed Watch Content";
			runOnlyForDeploymentPostprocessing = 0;
		};
/* End PBXCopyFilesBuildPhase section */

/* Begin PBXFileReference section */
		1A2085A31C0BD16A00260889 /* TruckTracker.app */ = {isa = PBXFileReference; explicitFileType = wrapper.application; includeInIndex = 0; path = TruckTracker.app; sourceTree = BUILT_PRODUCTS_DIR; };
		1A2085A61C0BD16A00260889 /* AppDelegate.swift */ = {isa = PBXFileReference; lastKnownFileType = sourcecode.swift; path = AppDelegate.swift; sourceTree = "<group>"; };
		1A2085AB1C0BD16A00260889 /* Base */ = {isa = PBXFileReference; lastKnownFileType = file.storyboard; name = Base; path = Base.lproj/Main.storyboard; sourceTree = "<group>"; };
		1A2085AD1C0BD16A00260889 /* Assets.xcassets */ = {isa = PBXFileReference; lastKnownFileType = folder.assetcatalog; path = Assets.xcassets; sourceTree = "<group>"; };
		1A2085B01C0BD16A00260889 /* Base */ = {isa = PBXFileReference; lastKnownFileType = file.storyboard; name = Base; path = Base.lproj/LaunchScreen.storyboard; sourceTree = "<group>"; };
		1A2085B21C0BD16A00260889 /* Info.plist */ = {isa = PBXFileReference; lastKnownFileType = text.plist.xml; path = Info.plist; sourceTree = "<group>"; };
		1A2085B71C0BD16A00260889 /* TruckTrackerTests.xctest */ = {isa = PBXFileReference; explicitFileType = wrapper.cfbundle; includeInIndex = 0; path = TruckTrackerTests.xctest; sourceTree = BUILT_PRODUCTS_DIR; };
		1A2085BB1C0BD16A00260889 /* TruckTrackerTests.swift */ = {isa = PBXFileReference; lastKnownFileType = sourcecode.swift; path = TruckTrackerTests.swift; sourceTree = "<group>"; };
		1A2085BD1C0BD16A00260889 /* Info.plist */ = {isa = PBXFileReference; lastKnownFileType = text.plist.xml; path = Info.plist; sourceTree = "<group>"; };
		1A2085C21C0BD16A00260889 /* TruckTrackerUITests.xctest */ = {isa = PBXFileReference; explicitFileType = wrapper.cfbundle; includeInIndex = 0; path = TruckTrackerUITests.xctest; sourceTree = BUILT_PRODUCTS_DIR; };
		1A2085C61C0BD16A00260889 /* TruckTrackerUITests.swift */ = {isa = PBXFileReference; lastKnownFileType = sourcecode.swift; path = TruckTrackerUITests.swift; sourceTree = "<group>"; };
		1A2085C81C0BD16A00260889 /* Info.plist */ = {isa = PBXFileReference; lastKnownFileType = text.plist.xml; path = Info.plist; sourceTree = "<group>"; };
		1A2085D41C0BD1DF00260889 /* TrucksTableViewController.swift */ = {isa = PBXFileReference; fileEncoding = 4; lastKnownFileType = sourcecode.swift; path = TrucksTableViewController.swift; sourceTree = "<group>"; };
		1A2085D61C0BD63400260889 /* junk 046.jpg */ = {isa = PBXFileReference; lastKnownFileType = image.jpeg; path = "junk 046.jpg"; sourceTree = "<group>"; };
		1A2085D81C0BD78A00260889 /* truck-256.png */ = {isa = PBXFileReference; lastKnownFileType = image.png; path = "truck-256.png"; sourceTree = "<group>"; };
		1A2085DA1C0BD9F600260889 /* VehicleTableViewCell.swift */ = {isa = PBXFileReference; fileEncoding = 4; lastKnownFileType = sourcecode.swift; path = VehicleTableViewCell.swift; sourceTree = "<group>"; };
		1A2085E21C0BE38600260889 /* Contact Card-25.png */ = {isa = PBXFileReference; lastKnownFileType = image.png; path = "Contact Card-25.png"; sourceTree = "<group>"; };
		1A2085E41C0C0DBF00260889 /* ContactsTableViewController.swift */ = {isa = PBXFileReference; fileEncoding = 4; lastKnownFileType = sourcecode.swift; path = ContactsTableViewController.swift; sourceTree = "<group>"; };
		1A2085E61C0C199800260889 /* Contact.swift */ = {isa = PBXFileReference; fileEncoding = 4; lastKnownFileType = sourcecode.swift; path = Contact.swift; sourceTree = "<group>"; };
		1A6089141CA4A9A900727C51 /* TruckerTracker WatchKit App.app */ = {isa = PBXFileReference; explicitFileType = wrapper.application; includeInIndex = 0; path = "TruckerTracker WatchKit App.app"; sourceTree = BUILT_PRODUCTS_DIR; };
		1A6089171CA4A9A900727C51 /* Base */ = {isa = PBXFileReference; lastKnownFileType = file.storyboard; name = Base; path = Base.lproj/Interface.storyboard; sourceTree = "<group>"; };
		1A6089191CA4A9A900727C51 /* Assets.xcassets */ = {isa = PBXFileReference; lastKnownFileType = folder.assetcatalog; path = Assets.xcassets; sourceTree = "<group>"; };
		1A60891B1CA4A9A900727C51 /* Info.plist */ = {isa = PBXFileReference; lastKnownFileType = text.plist.xml; path = Info.plist; sourceTree = "<group>"; };
		1A6089201CA4A9A900727C51 /* TruckerTracker WatchKit App Extension.appex */ = {isa = PBXFileReference; explicitFileType = "wrapper.app-extension"; includeInIndex = 0; path = "TruckerTracker WatchKit App Extension.appex"; sourceTree = BUILT_PRODUCTS_DIR; };
		1A6089251CA4A9A900727C51 /* InterfaceController.swift */ = {isa = PBXFileReference; lastKnownFileType = sourcecode.swift; path = InterfaceController.swift; sourceTree = "<group>"; };
		1A6089271CA4A9A900727C51 /* ExtensionDelegate.swift */ = {isa = PBXFileReference; lastKnownFileType = sourcecode.swift; path = ExtensionDelegate.swift; sourceTree = "<group>"; };
		1A6089291CA4A9A900727C51 /* Assets.xcassets */ = {isa = PBXFileReference; lastKnownFileType = folder.assetcatalog; path = Assets.xcassets; sourceTree = "<group>"; };
		1A60892B1CA4A9A900727C51 /* Info.plist */ = {isa = PBXFileReference; lastKnownFileType = text.plist.xml; path = Info.plist; sourceTree = "<group>"; };
		1A6089371CA7A41500727C51 /* PartTableViewCell.swift */ = {isa = PBXFileReference; fileEncoding = 4; lastKnownFileType = sourcecode.swift; path = PartTableViewCell.swift; sourceTree = "<group>"; };
		1A6089391CA82DC800727C51 /* NewPartViewController.swift */ = {isa = PBXFileReference; fileEncoding = 4; lastKnownFileType = sourcecode.swift; path = NewPartViewController.swift; sourceTree = "<group>"; };
		1A60893B1CA8398200727C51 /* VendorTableViewCell.swift */ = {isa = PBXFileReference; fileEncoding = 4; lastKnownFileType = sourcecode.swift; path = VendorTableViewCell.swift; sourceTree = "<group>"; };
		1A60893D1CA83C0C00727C51 /* VendorsTableViewController.swift */ = {isa = PBXFileReference; fileEncoding = 4; lastKnownFileType = sourcecode.swift; path = VendorsTableViewController.swift; sourceTree = "<group>"; };
		1A60893F1CA83D0F00727C51 /* Vendor.swift */ = {isa = PBXFileReference; fileEncoding = 4; lastKnownFileType = sourcecode.swift; path = Vendor.swift; sourceTree = "<group>"; };
		1A6089411CA8439400727C51 /* Part.swift */ = {isa = PBXFileReference; fileEncoding = 4; lastKnownFileType = sourcecode.swift; path = Part.swift; sourceTree = "<group>"; };
		1A6089451CA845B400727C51 /* PartsTableViewController.swift */ = {isa = PBXFileReference; fileEncoding = 4; lastKnownFileType = sourcecode.swift; path = PartsTableViewController.swift; sourceTree = "<group>"; };
		1AB74C311C97A0890023EB99 /* Vehicle.swift */ = {isa = PBXFileReference; fileEncoding = 4; lastKnownFileType = sourcecode.swift; path = Vehicle.swift; sourceTree = "<group>"; };
		1AB74C331C97AA550023EB99 /* mack04.jpg */ = {isa = PBXFileReference; lastKnownFileType = image.jpeg; path = mack04.jpg; sourceTree = "<group>"; };
/* End PBXFileReference section */

/* Begin PBXFrameworksBuildPhase section */
		1A2085A01C0BD16A00260889 /* Frameworks */ = {
			isa = PBXFrameworksBuildPhase;
			buildActionMask = 2147483647;
			files = (
			);
			runOnlyForDeploymentPostprocessing = 0;
		};
		1A2085B41C0BD16A00260889 /* Frameworks */ = {
			isa = PBXFrameworksBuildPhase;
			buildActionMask = 2147483647;
			files = (
			);
			runOnlyForDeploymentPostprocessing = 0;
		};
		1A2085BF1C0BD16A00260889 /* Frameworks */ = {
			isa = PBXFrameworksBuildPhase;
			buildActionMask = 2147483647;
			files = (
			);
			runOnlyForDeploymentPostprocessing = 0;
		};
		1A60891D1CA4A9A900727C51 /* Frameworks */ = {
			isa = PBXFrameworksBuildPhase;
			buildActionMask = 2147483647;
			files = (
			);
			runOnlyForDeploymentPostprocessing = 0;
		};
/* End PBXFrameworksBuildPhase section */

/* Begin PBXGroup section */
		1A20859A1C0BD16A00260889 = {
			isa = PBXGroup;
			children = (
				1A2085A51C0BD16A00260889 /* TruckTracker */,
				1A2085BA1C0BD16A00260889 /* TruckTrackerTests */,
				1A2085C51C0BD16A00260889 /* TruckTrackerUITests */,
				1A6089151CA4A9A900727C51 /* TruckerTracker WatchKit App */,
				1A6089241CA4A9A900727C51 /* TruckerTracker WatchKit App Extension */,
				1A2085A41C0BD16A00260889 /* Products */,
			);
			sourceTree = "<group>";
		};
		1A2085A41C0BD16A00260889 /* Products */ = {
			isa = PBXGroup;
			children = (
				1A2085A31C0BD16A00260889 /* TruckTracker.app */,
				1A2085B71C0BD16A00260889 /* TruckTrackerTests.xctest */,
				1A2085C21C0BD16A00260889 /* TruckTrackerUITests.xctest */,
				1A6089141CA4A9A900727C51 /* TruckerTracker WatchKit App.app */,
				1A6089201CA4A9A900727C51 /* TruckerTracker WatchKit App Extension.appex */,
			);
			name = Products;
			sourceTree = "<group>";
		};
		1A2085A51C0BD16A00260889 /* TruckTracker */ = {
			isa = PBXGroup;
			children = (
				1AB74C331C97AA550023EB99 /* mack04.jpg */,
				1A2085A61C0BD16A00260889 /* AppDelegate.swift */,
				1A2085AA1C0BD16A00260889 /* Main.storyboard */,
				1A2085AD1C0BD16A00260889 /* Assets.xcassets */,
				1A2085AF1C0BD16A00260889 /* LaunchScreen.storyboard */,
				1A2085E21C0BE38600260889 /* Contact Card-25.png */,
				1A2085B21C0BD16A00260889 /* Info.plist */,
				1A2085D81C0BD78A00260889 /* truck-256.png */,
				1A2085D61C0BD63400260889 /* junk 046.jpg */,
				1A2085D41C0BD1DF00260889 /* TrucksTableViewController.swift */,
				1A2085E41C0C0DBF00260889 /* ContactsTableViewController.swift */,
				1A6089451CA845B400727C51 /* PartsTableViewController.swift */,
				1A2085DA1C0BD9F600260889 /* VehicleTableViewCell.swift */,
				1A60893D1CA83C0C00727C51 /* VendorsTableViewController.swift */,
				1A2085E61C0C199800260889 /* Contact.swift */,
				1A6089411CA8439400727C51 /* Part.swift */,
				1A60893F1CA83D0F00727C51 /* Vendor.swift */,
				1AB74C311C97A0890023EB99 /* Vehicle.swift */,
				1A6089391CA82DC800727C51 /* NewPartViewController.swift */,
				1A6089371CA7A41500727C51 /* PartTableViewCell.swift */,
				1A60893B1CA8398200727C51 /* VendorTableViewCell.swift */,
			);
			path = TruckTracker;
			sourceTree = "<group>";
		};
		1A2085BA1C0BD16A00260889 /* TruckTrackerTests */ = {
			isa = PBXGroup;
			children = (
				1A2085BB1C0BD16A00260889 /* TruckTrackerTests.swift */,
				1A2085BD1C0BD16A00260889 /* Info.plist */,
			);
			path = TruckTrackerTests;
			sourceTree = "<group>";
		};
		1A2085C51C0BD16A00260889 /* TruckTrackerUITests */ = {
			isa = PBXGroup;
			children = (
				1A2085C61C0BD16A00260889 /* TruckTrackerUITests.swift */,
				1A2085C81C0BD16A00260889 /* Info.plist */,
			);
			path = TruckTrackerUITests;
			sourceTree = "<group>";
		};
		1A6089151CA4A9A900727C51 /* TruckerTracker WatchKit App */ = {
			isa = PBXGroup;
			children = (
				1A6089161CA4A9A900727C51 /* Interface.storyboard */,
				1A6089191CA4A9A900727C51 /* Assets.xcassets */,
				1A60891B1CA4A9A900727C51 /* Info.plist */,
			);
			path = "TruckerTracker WatchKit App";
			sourceTree = "<group>";
		};
		1A6089241CA4A9A900727C51 /* TruckerTracker WatchKit App Extension */ = {
			isa = PBXGroup;
			children = (
				1A6089251CA4A9A900727C51 /* InterfaceController.swift */,
				1A6089271CA4A9A900727C51 /* ExtensionDelegate.swift */,
				1A6089291CA4A9A900727C51 /* Assets.xcassets */,
				1A60892B1CA4A9A900727C51 /* Info.plist */,
			);
			path = "TruckerTracker WatchKit App Extension";
			sourceTree = "<group>";
		};
/* End PBXGroup section */

/* Begin PBXNativeTarget section */
		1A2085A21C0BD16A00260889 /* TruckTracker */ = {
			isa = PBXNativeTarget;
			buildConfigurationList = 1A2085CB1C0BD16A00260889 /* Build configuration list for PBXNativeTarget "TruckTracker" */;
			buildPhases = (
				1A20859F1C0BD16A00260889 /* Sources */,
				1A2085A01C0BD16A00260889 /* Frameworks */,
				1A2085A11C0BD16A00260889 /* Resources */,
				1A6089361CA4A9AA00727C51 /* Embed Watch Content */,
			);
			buildRules = (
			);
			dependencies = (
				1A60892D1CA4A9AA00727C51 /* PBXTargetDependency */,
			);
			name = TruckTracker;
			productName = TruckTracker;
			productReference = 1A2085A31C0BD16A00260889 /* TruckTracker.app */;
			productType = "com.apple.product-type.application";
		};
		1A2085B61C0BD16A00260889 /* TruckTrackerTests */ = {
			isa = PBXNativeTarget;
			buildConfigurationList = 1A2085CE1C0BD16A00260889 /* Build configuration list for PBXNativeTarget "TruckTrackerTests" */;
			buildPhases = (
				1A2085B31C0BD16A00260889 /* Sources */,
				1A2085B41C0BD16A00260889 /* Frameworks */,
				1A2085B51C0BD16A00260889 /* Resources */,
			);
			buildRules = (
			);
			dependencies = (
				1A2085B91C0BD16A00260889 /* PBXTargetDependency */,
			);
			name = TruckTrackerTests;
			productName = TruckTrackerTests;
			productReference = 1A2085B71C0BD16A00260889 /* TruckTrackerTests.xctest */;
			productType = "com.apple.product-type.bundle.unit-test";
		};
		1A2085C11C0BD16A00260889 /* TruckTrackerUITests */ = {
			isa = PBXNativeTarget;
			buildConfigurationList = 1A2085D11C0BD16A00260889 /* Build configuration list for PBXNativeTarget "TruckTrackerUITests" */;
			buildPhases = (
				1A2085BE1C0BD16A00260889 /* Sources */,
				1A2085BF1C0BD16A00260889 /* Frameworks */,
				1A2085C01C0BD16A00260889 /* Resources */,
			);
			buildRules = (
			);
			dependencies = (
				1A2085C41C0BD16A00260889 /* PBXTargetDependency */,
			);
			name = TruckTrackerUITests;
			productName = TruckTrackerUITests;
			productReference = 1A2085C21C0BD16A00260889 /* TruckTrackerUITests.xctest */;
			productType = "com.apple.product-type.bundle.ui-testing";
		};
		1A6089131CA4A9A900727C51 /* TruckerTracker WatchKit App */ = {
			isa = PBXNativeTarget;
			buildConfigurationList = 1A6089351CA4A9AA00727C51 /* Build configuration list for PBXNativeTarget "TruckerTracker WatchKit App" */;
			buildPhases = (
				1A6089121CA4A9A900727C51 /* Resources */,
				1A6089341CA4A9AA00727C51 /* Embed App Extensions */,
			);
			buildRules = (
			);
			dependencies = (
				1A6089231CA4A9A900727C51 /* PBXTargetDependency */,
			);
			name = "TruckerTracker WatchKit App";
			productName = "TruckerTracker WatchKit App";
			productReference = 1A6089141CA4A9A900727C51 /* TruckerTracker WatchKit App.app */;
			productType = "com.apple.product-type.application.watchapp2";
		};
		1A60891F1CA4A9A900727C51 /* TruckerTracker WatchKit App Extension */ = {
			isa = PBXNativeTarget;
			buildConfigurationList = 1A6089331CA4A9AA00727C51 /* Build configuration list for PBXNativeTarget "TruckerTracker WatchKit App Extension" */;
			buildPhases = (
				1A60891C1CA4A9A900727C51 /* Sources */,
				1A60891D1CA4A9A900727C51 /* Frameworks */,
				1A60891E1CA4A9A900727C51 /* Resources */,
			);
			buildRules = (
			);
			dependencies = (
			);
			name = "TruckerTracker WatchKit App Extension";
			productName = "TruckerTracker WatchKit App Extension";
			productReference = 1A6089201CA4A9A900727C51 /* TruckerTracker WatchKit App Extension.appex */;
			productType = "com.apple.product-type.watchkit2-extension";
		};
/* End PBXNativeTarget section */

/* Begin PBXProject section */
		1A20859B1C0BD16A00260889 /* Project object */ = {
			isa = PBXProject;
			attributes = {
				LastSwiftUpdateCheck = 0730;
				LastUpgradeCheck = 0920;
				ORGANIZATIONNAME = James;
				TargetAttributes = {
					1A2085A21C0BD16A00260889 = {
						CreatedOnToolsVersion = 7.1.1;
						DevelopmentTeam = 2G4J7VSC2S;
						LastSwiftMigration = 0920;
					};
					1A2085B61C0BD16A00260889 = {
						CreatedOnToolsVersion = 7.1.1;
						DevelopmentTeam = 2G4J7VSC2S;
						LastSwiftMigration = 0920;
						TestTargetID = 1A2085A21C0BD16A00260889;
					};
					1A2085C11C0BD16A00260889 = {
						CreatedOnToolsVersion = 7.1.1;
						DevelopmentTeam = 2G4J7VSC2S;
						LastSwiftMigration = 0920;
						TestTargetID = 1A2085A21C0BD16A00260889;
					};
					1A6089131CA4A9A900727C51 = {
						CreatedOnToolsVersion = 7.3;
						DevelopmentTeam = 2G4J7VSC2S;
						LastSwiftMigration = 0830;
					};
					1A60891F1CA4A9A900727C51 = {
						CreatedOnToolsVersion = 7.3;
						DevelopmentTeam = 2G4J7VSC2S;
						LastSwiftMigration = 0920;
					};
				};
			};
			buildConfigurationList = 1A20859E1C0BD16A00260889 /* Build configuration list for PBXProject "TruckTracker" */;
			compatibilityVersion = "Xcode 3.2";
			developmentRegion = English;
			hasScannedForEncodings = 0;
			knownRegions = (
				en,
				Base,
			);
			mainGroup = 1A20859A1C0BD16A00260889;
			productRefGroup = 1A2085A41C0BD16A00260889 /* Products */;
			projectDirPath = "";
			projectRoot = "";
			targets = (
				1A2085A21C0BD16A00260889 /* TruckTracker */,
				1A2085B61C0BD16A00260889 /* TruckTrackerTests */,
				1A2085C11C0BD16A00260889 /* TruckTrackerUITests */,
				1A6089131CA4A9A900727C51 /* TruckerTracker WatchKit App */,
				1A60891F1CA4A9A900727C51 /* TruckerTracker WatchKit App Extension */,
			);
		};
/* End PBXProject section */

/* Begin PBXResourcesBuildPhase section */
		1A2085A11C0BD16A00260889 /* Resources */ = {
			isa = PBXResourcesBuildPhase;
			buildActionMask = 2147483647;
			files = (
				1AB74C341C97AA550023EB99 /* mack04.jpg in Resources */,
				1A2085B11C0BD16A00260889 /* LaunchScreen.storyboard in Resources */,
				1A2085D71C0BD63400260889 /* junk 046.jpg in Resources */,
				1A2085D91C0BD78A00260889 /* truck-256.png in Resources */,
				1A2085AE1C0BD16A00260889 /* Assets.xcassets in Resources */,
				1A2085E31C0BE38600260889 /* Contact Card-25.png in Resources */,
				1A2085AC1C0BD16A00260889 /* Main.storyboard in Resources */,
			);
			runOnlyForDeploymentPostprocessing = 0;
		};
		1A2085B51C0BD16A00260889 /* Resources */ = {
			isa = PBXResourcesBuildPhase;
			buildActionMask = 2147483647;
			files = (
			);
			runOnlyForDeploymentPostprocessing = 0;
		};
		1A2085C01C0BD16A00260889 /* Resources */ = {
			isa = PBXResourcesBuildPhase;
			buildActionMask = 2147483647;
			files = (
			);
			runOnlyForDeploymentPostprocessing = 0;
		};
		1A6089121CA4A9A900727C51 /* Resources */ = {
			isa = PBXResourcesBuildPhase;
			buildActionMask = 2147483647;
			files = (
				1A60891A1CA4A9A900727C51 /* Assets.xcassets in Resources */,
				1A6089181CA4A9A900727C51 /* Interface.storyboard in Resources */,
			);
			runOnlyForDeploymentPostprocessing = 0;
		};
		1A60891E1CA4A9A900727C51 /* Resources */ = {
			isa = PBXResourcesBuildPhase;
			buildActionMask = 2147483647;
			files = (
				1A60892A1CA4A9A900727C51 /* Assets.xcassets in Resources */,
			);
			runOnlyForDeploymentPostprocessing = 0;
		};
/* End PBXResourcesBuildPhase section */

/* Begin PBXSourcesBuildPhase section */
		1A20859F1C0BD16A00260889 /* Sources */ = {
			isa = PBXSourcesBuildPhase;
			buildActionMask = 2147483647;
			files = (
				1A6089381CA7A41500727C51 /* PartTableViewCell.swift in Sources */,
				1AB74C321C97A0890023EB99 /* Vehicle.swift in Sources */,
				1A2085DB1C0BD9F600260889 /* VehicleTableViewCell.swift in Sources */,
				1A6089461CA845B400727C51 /* PartsTableViewController.swift in Sources */,
				1A2085A71C0BD16A00260889 /* AppDelegate.swift in Sources */,
				1A6089421CA8439400727C51 /* Part.swift in Sources */,
				1A2085E71C0C199800260889 /* Contact.swift in Sources */,
				1A2085E51C0C0DBF00260889 /* ContactsTableViewController.swift in Sources */,
				1A60893E1CA83C0C00727C51 /* VendorsTableViewController.swift in Sources */,
				1A6089401CA83D0F00727C51 /* Vendor.swift in Sources */,
				1A60893C1CA8398200727C51 /* VendorTableViewCell.swift in Sources */,
				1A60893A1CA82DC800727C51 /* NewPartViewController.swift in Sources */,
				1A2085D51C0BD1DF00260889 /* TrucksTableViewController.swift in Sources */,
			);
			runOnlyForDeploymentPostprocessing = 0;
		};
		1A2085B31C0BD16A00260889 /* Sources */ = {
			isa = PBXSourcesBuildPhase;
			buildActionMask = 2147483647;
			files = (
				1A2085BC1C0BD16A00260889 /* TruckTrackerTests.swift in Sources */,
			);
			runOnlyForDeploymentPostprocessing = 0;
		};
		1A2085BE1C0BD16A00260889 /* Sources */ = {
			isa = PBXSourcesBuildPhase;
			buildActionMask = 2147483647;
			files = (
				1A2085C71C0BD16A00260889 /* TruckTrackerUITests.swift in Sources */,
			);
			runOnlyForDeploymentPostprocessing = 0;
		};
		1A60891C1CA4A9A900727C51 /* Sources */ = {
			isa = PBXSourcesBuildPhase;
			buildActionMask = 2147483647;
			files = (
				1A6089281CA4A9A900727C51 /* ExtensionDelegate.swift in Sources */,
				1A6089261CA4A9A900727C51 /* InterfaceController.swift in Sources */,
			);
			runOnlyForDeploymentPostprocessing = 0;
		};
/* End PBXSourcesBuildPhase section */

/* Begin PBXTargetDependency section */
		1A2085B91C0BD16A00260889 /* PBXTargetDependency */ = {
			isa = PBXTargetDependency;
			target = 1A2085A21C0BD16A00260889 /* TruckTracker */;
			targetProxy = 1A2085B81C0BD16A00260889 /* PBXContainerItemProxy */;
		};
		1A2085C41C0BD16A00260889 /* PBXTargetDependency */ = {
			isa = PBXTargetDependency;
			target = 1A2085A21C0BD16A00260889 /* TruckTracker */;
			targetProxy = 1A2085C31C0BD16A00260889 /* PBXContainerItemProxy */;
		};
		1A6089231CA4A9A900727C51 /* PBXTargetDependency */ = {
			isa = PBXTargetDependency;
			target = 1A60891F1CA4A9A900727C51 /* TruckerTracker WatchKit App Extension */;
			targetProxy = 1A6089221CA4A9A900727C51 /* PBXContainerItemProxy */;
		};
		1A60892D1CA4A9AA00727C51 /* PBXTargetDependency */ = {
			isa = PBXTargetDependency;
			target = 1A6089131CA4A9A900727C51 /* TruckerTracker WatchKit App */;
			targetProxy = 1A60892C1CA4A9AA00727C51 /* PBXContainerItemProxy */;
		};
/* End PBXTargetDependency section */

/* Begin PBXVariantGroup section */
		1A2085AA1C0BD16A00260889 /* Main.storyboard */ = {
			isa = PBXVariantGroup;
			children = (
				1A2085AB1C0BD16A00260889 /* Base */,
			);
			name = Main.storyboard;
			sourceTree = "<group>";
		};
		1A2085AF1C0BD16A00260889 /* LaunchScreen.storyboard */ = {
			isa = PBXVariantGroup;
			children = (
				1A2085B01C0BD16A00260889 /* Base */,
			);
			name = LaunchScreen.storyboard;
			sourceTree = "<group>";
		};
		1A6089161CA4A9A900727C51 /* Interface.storyboard */ = {
			isa = PBXVariantGroup;
			children = (
				1A6089171CA4A9A900727C51 /* Base */,
			);
			name = Interface.storyboard;
			sourceTree = "<group>";
		};
/* End PBXVariantGroup section */

/* Begin XCBuildConfiguration section */
		1A2085C91C0BD16A00260889 /* Debug */ = {
			isa = XCBuildConfiguration;
			buildSettings = {
				ALWAYS_SEARCH_USER_PATHS = NO;
				CLANG_CXX_LANGUAGE_STANDARD = "gnu++0x";
				CLANG_CXX_LIBRARY = "libc++";
				CLANG_ENABLE_MODULES = YES;
				CLANG_ENABLE_OBJC_ARC = YES;
				CLANG_WARN_BLOCK_CAPTURE_AUTORELEASING = YES;
				CLANG_WARN_BOOL_CONVERSION = YES;
				CLANG_WARN_COMMA = YES;
				CLANG_WARN_CONSTANT_CONVERSION = YES;
				CLANG_WARN_DIRECT_OBJC_ISA_USAGE = YES_ERROR;
				CLANG_WARN_EMPTY_BODY = YES;
				CLANG_WARN_ENUM_CONVERSION = YES;
				CLANG_WARN_INFINITE_RECURSION = YES;
				CLANG_WARN_INT_CONVERSION = YES;
				CLANG_WARN_NON_LITERAL_NULL_CONVERSION = YES;
				CLANG_WARN_OBJC_LITERAL_CONVERSION = YES;
				CLANG_WARN_OBJC_ROOT_CLASS = YES_ERROR;
				CLANG_WARN_RANGE_LOOP_ANALYSIS = YES;
				CLANG_WARN_STRICT_PROTOTYPES = YES;
				CLANG_WARN_SUSPICIOUS_MOVE = YES;
				CLANG_WARN_UNREACHABLE_CODE = YES;
				CLANG_WARN__DUPLICATE_METHOD_MATCH = YES;
				"CODE_SIGN_IDENTITY[sdk=iphoneos*]" = "iPhone Developer";
				COPY_PHASE_STRIP = NO;
				DEBUG_INFORMATION_FORMAT = dwarf;
				ENABLE_STRICT_OBJC_MSGSEND = YES;
				ENABLE_TESTABILITY = YES;
				GCC_C_LANGUAGE_STANDARD = gnu99;
				GCC_DYNAMIC_NO_PIC = NO;
				GCC_NO_COMMON_BLOCKS = YES;
				GCC_OPTIMIZATION_LEVEL = 0;
				GCC_PREPROCESSOR_DEFINITIONS = (
					"DEBUG=1",
					"$(inherited)",
				);
				GCC_WARN_64_TO_32_BIT_CONVERSION = YES;
				GCC_WARN_ABOUT_RETURN_TYPE = YES_ERROR;
				GCC_WARN_UNDECLARED_SELECTOR = YES;
				GCC_WARN_UNINITIALIZED_AUTOS = YES_AGGRESSIVE;
				GCC_WARN_UNUSED_FUNCTION = YES;
				GCC_WARN_UNUSED_VARIABLE = YES;
				IPHONEOS_DEPLOYMENT_TARGET = 9.1;
				MTL_ENABLE_DEBUG_INFO = YES;
				ONLY_ACTIVE_ARCH = YES;
				SDKROOT = iphoneos;
				SWIFT_OPTIMIZATION_LEVEL = "-Onone";
			};
			name = Debug;
		};
		1A2085CA1C0BD16A00260889 /* Release */ = {
			isa = XCBuildConfiguration;
			buildSettings = {
				ALWAYS_SEARCH_USER_PATHS = NO;
				CLANG_CXX_LANGUAGE_STANDARD = "gnu++0x";
				CLANG_CXX_LIBRARY = "libc++";
				CLANG_ENABLE_MODULES = YES;
				CLANG_ENABLE_OBJC_ARC = YES;
				CLANG_WARN_BLOCK_CAPTURE_AUTORELEASING = YES;
				CLANG_WARN_BOOL_CONVERSION = YES;
				CLANG_WARN_COMMA = YES;
				CLANG_WARN_CONSTANT_CONVERSION = YES;
				CLANG_WARN_DIRECT_OBJC_ISA_USAGE = YES_ERROR;
				CLANG_WARN_EMPTY_BODY = YES;
				CLANG_WARN_ENUM_CONVERSION = YES;
				CLANG_WARN_INFINITE_RECURSION = YES;
				CLANG_WARN_INT_CONVERSION = YES;
				CLANG_WARN_NON_LITERAL_NULL_CONVERSION = YES;
				CLANG_WARN_OBJC_LITERAL_CONVERSION = YES;
				CLANG_WARN_OBJC_ROOT_CLASS = YES_ERROR;
				CLANG_WARN_RANGE_LOOP_ANALYSIS = YES;
				CLANG_WARN_STRICT_PROTOTYPES = YES;
				CLANG_WARN_SUSPICIOUS_MOVE = YES;
				CLANG_WARN_UNREACHABLE_CODE = YES;
				CLANG_WARN__DUPLICATE_METHOD_MATCH = YES;
				"CODE_SIGN_IDENTITY[sdk=iphoneos*]" = "iPhone Developer";
				COPY_PHASE_STRIP = NO;
				DEBUG_INFORMATION_FORMAT = "dwarf-with-dsym";
				ENABLE_NS_ASSERTIONS = NO;
				ENABLE_STRICT_OBJC_MSGSEND = YES;
				GCC_C_LANGUAGE_STANDARD = gnu99;
				GCC_NO_COMMON_BLOCKS = YES;
				GCC_WARN_64_TO_32_BIT_CONVERSION = YES;
				GCC_WARN_ABOUT_RETURN_TYPE = YES_ERROR;
				GCC_WARN_UNDECLARED_SELECTOR = YES;
				GCC_WARN_UNINITIALIZED_AUTOS = YES_AGGRESSIVE;
				GCC_WARN_UNUSED_FUNCTION = YES;
				GCC_WARN_UNUSED_VARIABLE = YES;
				IPHONEOS_DEPLOYMENT_TARGET = 9.1;
				MTL_ENABLE_DEBUG_INFO = NO;
				SDKROOT = iphoneos;
				SWIFT_OPTIMIZATION_LEVEL = "-Owholemodule";
				VALIDATE_PRODUCT = YES;
			};
			name = Release;
		};
		1A2085CC1C0BD16A00260889 /* Debug */ = {
			isa = XCBuildConfiguration;
			buildSettings = {
				ASSETCATALOG_COMPILER_APPICON_NAME = AppIcon;
				DEVELOPMENT_TEAM = 2G4J7VSC2S;
				INFOPLIST_FILE = TruckTracker/Info.plist;
				LD_RUNPATH_SEARCH_PATHS = "$(inherited) @executable_path/Frameworks";
				PRODUCT_BUNDLE_IDENTIFIER = com.jdsv650.TruckTracker;
				PRODUCT_NAME = "$(TARGET_NAME)";
				SWIFT_SWIFT3_OBJC_INFERENCE = Default;
				SWIFT_VERSION = 4.0;
			};
			name = Debug;
		};
		1A2085CD1C0BD16A00260889 /* Release */ = {
			isa = XCBuildConfiguration;
			buildSettings = {
				ASSETCATALOG_COMPILER_APPICON_NAME = AppIcon;
				DEVELOPMENT_TEAM = 2G4J7VSC2S;
				INFOPLIST_FILE = TruckTracker/Info.plist;
				LD_RUNPATH_SEARCH_PATHS = "$(inherited) @executable_path/Frameworks";
				PRODUCT_BUNDLE_IDENTIFIER = com.jdsv650.TruckTracker;
				PRODUCT_NAME = "$(TARGET_NAME)";
				SWIFT_SWIFT3_OBJC_INFERENCE = Default;
				SWIFT_VERSION = 4.0;
			};
			name = Release;
		};
		1A2085CF1C0BD16A00260889 /* Debug */ = {
			isa = XCBuildConfiguration;
			buildSettings = {
				BUNDLE_LOADER = "$(TEST_HOST)";
				DEVELOPMENT_TEAM = 2G4J7VSC2S;
				INFOPLIST_FILE = TruckTrackerTests/Info.plist;
				LD_RUNPATH_SEARCH_PATHS = "$(inherited) @executable_path/Frameworks @loader_path/Frameworks";
				PRODUCT_BUNDLE_IDENTIFIER = com.jdsv650.TruckTrackerTests;
				PRODUCT_NAME = "$(TARGET_NAME)";
				SWIFT_SWIFT3_OBJC_INFERENCE = Default;
				SWIFT_VERSION = 4.0;
				TEST_HOST = "$(BUILT_PRODUCTS_DIR)/TruckTracker.app/TruckTracker";
			};
			name = Debug;
		};
		1A2085D01C0BD16A00260889 /* Release */ = {
			isa = XCBuildConfiguration;
			buildSettings = {
				BUNDLE_LOADER = "$(TEST_HOST)";
				DEVELOPMENT_TEAM = 2G4J7VSC2S;
				INFOPLIST_FILE = TruckTrackerTests/Info.plist;
				LD_RUNPATH_SEARCH_PATHS = "$(inherited) @executable_path/Frameworks @loader_path/Frameworks";
				PRODUCT_BUNDLE_IDENTIFIER = com.jdsv650.TruckTrackerTests;
				PRODUCT_NAME = "$(TARGET_NAME)";
				SWIFT_SWIFT3_OBJC_INFERENCE = Default;
				SWIFT_VERSION = 4.0;
				TEST_HOST = "$(BUILT_PRODUCTS_DIR)/TruckTracker.app/TruckTracker";
			};
			name = Release;
		};
		1A2085D21C0BD16A00260889 /* Debug */ = {
			isa = XCBuildConfiguration;
			buildSettings = {
				DEVELOPMENT_TEAM = 2G4J7VSC2S;
				INFOPLIST_FILE = TruckTrackerUITests/Info.plist;
				LD_RUNPATH_SEARCH_PATHS = "$(inherited) @executable_path/Frameworks @loader_path/Frameworks";
				PRODUCT_BUNDLE_IDENTIFIER = com.jdsv650.TruckTrackerUITests;
				PRODUCT_NAME = "$(TARGET_NAME)";
				SWIFT_SWIFT3_OBJC_INFERENCE = Default;
				SWIFT_VERSION = 4.0;
				TEST_TARGET_NAME = TruckTracker;
				USES_XCTRUNNER = YES;
			};
			name = Debug;
		};
		1A2085D31C0BD16A00260889 /* Release */ = {
			isa = XCBuildConfiguration;
			buildSettings = {
				DEVELOPMENT_TEAM = 2G4J7VSC2S;
				INFOPLIST_FILE = TruckTrackerUITests/Info.plist;
				LD_RUNPATH_SEARCH_PATHS = "$(inherited) @executable_path/Frameworks @loader_path/Frameworks";
				PRODUCT_BUNDLE_IDENTIFIER = com.jdsv650.TruckTrackerUITests;
				PRODUCT_NAME = "$(TARGET_NAME)";
				SWIFT_SWIFT3_OBJC_INFERENCE = Default;
				SWIFT_VERSION = 4.0;
				TEST_TARGET_NAME = TruckTracker;
				USES_XCTRUNNER = YES;
			};
			name = Release;
		};
		1A60892F1CA4A9AA00727C51 /* Debug */ = {
			isa = XCBuildConfiguration;
			buildSettings = {
				ALWAYS_EMBED_SWIFT_STANDARD_LIBRARIES = YES;
				ASSETCATALOG_COMPILER_APPICON_NAME = AppIcon;
				CLANG_ANALYZER_NONNULL = YES;
				DEVELOPMENT_TEAM = 2G4J7VSC2S;
				IBSC_MODULE = TruckerTracker_WatchKit_App_Extension;
				INFOPLIST_FILE = "TruckerTracker WatchKit App/Info.plist";
				PRODUCT_BUNDLE_IDENTIFIER = com.jdsv650.TruckTracker.watchkitapp;
				PRODUCT_NAME = "$(TARGET_NAME)";
				SDKROOT = watchos;
				SKIP_INSTALL = YES;
				SWIFT_VERSION = 3.0;
				TARGETED_DEVICE_FAMILY = 4;
				WATCHOS_DEPLOYMENT_TARGET = 2.2;
			};
			name = Debug;
		};
		1A6089301CA4A9AA00727C51 /* Release */ = {
			isa = XCBuildConfiguration;
			buildSettings = {
				ALWAYS_EMBED_SWIFT_STANDARD_LIBRARIES = YES;
				ASSETCATALOG_COMPILER_APPICON_NAME = AppIcon;
				CLANG_ANALYZER_NONNULL = YES;
				DEVELOPMENT_TEAM = 2G4J7VSC2S;
				IBSC_MODULE = TruckerTracker_WatchKit_App_Extension;
				INFOPLIST_FILE = "TruckerTracker WatchKit App/Info.plist";
				PRODUCT_BUNDLE_IDENTIFIER = com.jdsv650.TruckTracker.watchkitapp;
				PRODUCT_NAME = "$(TARGET_NAME)";
				SDKROOT = watchos;
				SKIP_INSTALL = YES;
				SWIFT_VERSION = 3.0;
				TARGETED_DEVICE_FAMILY = 4;
				WATCHOS_DEPLOYMENT_TARGET = 2.2;
			};
			name = Release;
		};
		1A6089311CA4A9AA00727C51 /* Debug */ = {
			isa = XCBuildConfiguration;
			buildSettings = {
				CLANG_ANALYZER_NONNULL = YES;
				DEVELOPMENT_TEAM = 2G4J7VSC2S;
				INFOPLIST_FILE = "TruckerTracker WatchKit App Extension/Info.plist";
				LD_RUNPATH_SEARCH_PATHS = "$(inherited) @executable_path/Frameworks @executable_path/../../Frameworks";
				PRODUCT_BUNDLE_IDENTIFIER = com.jdsv650.TruckTracker.watchkitapp.watchkitextension;
				PRODUCT_NAME = "${TARGET_NAME}";
				SDKROOT = watchos;
				SKIP_INSTALL = YES;
				SWIFT_SWIFT3_OBJC_INFERENCE = Default;
				SWIFT_VERSION = 4.0;
				TARGETED_DEVICE_FAMILY = 4;
				WATCHOS_DEPLOYMENT_TARGET = 2.2;
			};
			name = Debug;
		};
		1A6089321CA4A9AA00727C51 /* Release */ = {
			isa = XCBuildConfiguration;
			buildSettings = {
				CLANG_ANALYZER_NONNULL = YES;
				DEVELOPMENT_TEAM = 2G4J7VSC2S;
				INFOPLIST_FILE = "TruckerTracker WatchKit App Extension/Info.plist";
				LD_RUNPATH_SEARCH_PATHS = "$(inherited) @executable_path/Frameworks @executable_path/../../Frameworks";
				PRODUCT_BUNDLE_IDENTIFIER = com.jdsv650.TruckTracker.watchkitapp.watchkitextension;
				PRODUCT_NAME = "${TARGET_NAME}";
				SDKROOT = watchos;
				SKIP_INSTALL = YES;
				SWIFT_SWIFT3_OBJC_INFERENCE = Default;
				SWIFT_VERSION = 4.0;
				TARGETED_DEVICE_FAMILY = 4;
				WATCHOS_DEPLOYMENT_TARGET = 2.2;
			};
			name = Release;
		};
/* End XCBuildConfiguration section */

/* Begin XCConfigurationList section */
		1A20859E1C0BD16A00260889 /* Build configuration list for PBXProject "TruckTracker" */ = {
			isa = XCConfigurationList;
			buildConfigurations = (
				1A2085C91C0BD16A00260889 /* Debug */,
				1A2085CA1C0BD16A00260889 /* Release */,
			);
			defaultConfigurationIsVisible = 0;
			defaultConfigurationName = Release;
		};
		1A2085CB1C0BD16A00260889 /* Build configuration list for PBXNativeTarget "TruckTracker" */ = {
			isa = XCConfigurationList;
			buildConfigurations = (
				1A2085CC1C0BD16A00260889 /* Debug */,
				1A2085CD1C0BD16A00260889 /* Release */,
			);
			defaultConfigurationIsVisible = 0;
			defaultConfigurationName = Release;
		};
		1A2085CE1C0BD16A00260889 /* Build configuration list for PBXNativeTarget "TruckTrackerTests" */ = {
			isa = XCConfigurationList;
			buildConfigurations = (
				1A2085CF1C0BD16A00260889 /* Debug */,
				1A2085D01C0BD16A00260889 /* Release */,
			);
			defaultConfigurationIsVisible = 0;
			defaultConfigurationName = Release;
		};
		1A2085D11C0BD16A00260889 /* Build configuration list for PBXNativeTarget "TruckTrackerUITests" */ = {
			isa = XCConfigurationList;
			buildConfigurations = (
				1A2085D21C0BD16A00260889 /* Debug */,
				1A2085D31C0BD16A00260889 /* Release */,
			);
			defaultConfigurationIsVisible = 0;
			defaultConfigurationName = Release;
		};
		1A6089331CA4A9AA00727C51 /* Build configuration list for PBXNativeTarget "TruckerTracker WatchKit App Extension" */ = {
			isa = XCConfigurationList;
			buildConfigurations = (
				1A6089311CA4A9AA00727C51 /* Debug */,
				1A6089321CA4A9AA00727C51 /* Release */,
			);
			defaultConfigurationIsVisible = 0;
			defaultConfigurationName = Release;
		};
		1A6089351CA4A9AA00727C51 /* Build configuration list for PBXNativeTarget "TruckerTracker WatchKit App" */ = {
			isa = XCConfigurationList;
			buildConfigurations = (
				1A60892F1CA4A9AA00727C51 /* Debug */,
				1A6089301CA4A9AA00727C51 /* Release */,
			);
			defaultConfigurationIsVisible = 0;
			defaultConfigurationName = Release;
		};
/* End XCConfigurationList section */
	};
	rootObject = 1A20859B1C0BD16A00260889 /* Project object */;
}
